
Microsoft Visual Studio Solution File, Format Version 12.00
# Visual Studio Version 16
VisualStudioVersion = 16.0.31019.35
MinimumVisualStudioVersion = 10.0.40219.1
Project("{9A19103F-16F7-4668-BE54-9A1E7A4F7556}") = "FundamentosCSharp", "FundamentosCSharp\FundamentosCSharp.csproj", "{29D82E24-98AB-4D4D-B72D-60DB84D51794}"
EndProject
Project("{9A19103F-16F7-4668-BE54-9A1E7A4F7556}") = "AspFirstMVC", "AspFirstMVC\AspFirstMVC.csproj", "{E2329768-2A0C-4581-B7F3-3B83FB0F02F0}"
EndProject
Project("{FAE04EC0-301F-11D3-BF4B-00C04F79EFBC}") = "Closure", "Closure\Closure.csproj", "{D0F94BDD-B1C7-45AC-A97C-FFFB61DAB97F}"
EndProject
Global
	GlobalSection(SolutionConfigurationPlatforms) = preSolution
		Debug|Any CPU = Debug|Any CPU
		Release|Any CPU = Release|Any CPU
	EndGlobalSection
	GlobalSection(ProjectConfigurationPlatforms) = postSolution
		{29D82E24-98AB-4D4D-B72D-60DB84D51794}.Debug|Any CPU.ActiveCfg = Debug|Any CPU
		{29D82E24-98AB-4D4D-B72D-60DB84D51794}.Debug|Any CPU.Build.0 = Debug|Any CPU
		{29D82E24-98AB-4D4D-B72D-60DB84D51794}.Release|Any CPU.ActiveCfg = Release|Any CPU
		{29D82E24-98AB-4D4D-B72D-60DB84D51794}.Release|Any CPU.Build.0 = Release|Any CPU
		{E2329768-2A0C-4581-B7F3-3B83FB0F02F0}.Debug|Any CPU.ActiveCfg = Debug|Any CPU
		{E2329768-2A0C-4581-B7F3-3B83FB0F02F0}.Debug|Any CPU.Build.0 = Debug|Any CPU
		{E2329768-2A0C-4581-B7F3-3B83FB0F02F0}.Release|Any CPU.ActiveCfg = Release|Any CPU
		{E2329768-2A0C-4581-B7F3-3B83FB0F02F0}.Release|Any CPU.Build.0 = Release|Any CPU
		{D0F94BDD-B1C7-45AC-A97C-FFFB61DAB97F}.Debug|Any CPU.ActiveCfg = Debug|Any CPU
		{D0F94BDD-B1C7-45AC-A97C-FFFB61DAB97F}.Debug|Any CPU.Build.0 = Debug|Any CPU
		{D0F94BDD-B1C7-45AC-A97C-FFFB61DAB97F}.Release|Any CPU.ActiveCfg = Release|Any CPU
		{D0F94BDD-B1C7-45AC-A97C-FFFB61DAB97F}.Release|Any CPU.Build.0 = Release|Any CPU
	EndGlobalSection
	GlobalSection(SolutionProperties) = preSolution
		HideSolutionNode = FALSE
	EndGlobalSection
	GlobalSection(ExtensibilityGlobals) = postSolution
		SolutionGuid = {0B8C61EC-10E1-4AE2-A4AE-C2A658AC69AB}
	EndGlobalSection
EndGlobal
