
Microsoft Visual Studio Solution File, Format Version 12.00
# Visual Studio Version 17
VisualStudioVersion = 17.0.31919.166
MinimumVisualStudioVersion = 10.0.40219.1
Project("{9A19103F-16F7-4668-BE54-9A1E7A4F7556}") = "FundamentosCSharp", "FundamentosCSharp\FundamentosCSharp.csproj", "{29D82E24-98AB-4D4D-B72D-60DB84D51794}"
EndProject
Project("{9A19103F-16F7-4668-BE54-9A1E7A4F7556}") = "AspFirstMVC", "AspFirstMVC\AspFirstMVC.csproj", "{E2329768-2A0C-4581-B7F3-3B83FB0F02F0}"
EndProject
Project("{9A19103F-16F7-4668-BE54-9A1E7A4F7556}") = "Closure", "Closure\Closure.csproj", "{D0F94BDD-B1C7-45AC-A97C-FFFB61DAB97F}"
EndProject
Project("{9A19103F-16F7-4668-BE54-9A1E7A4F7556}") = "Models", "Models\Models.csproj", "{CD166683-015C-4406-99C8-A2463A196FFF}"
EndProject
Project("{9A19103F-16F7-4668-BE54-9A1E7A4F7556}") = "Services", "Services\Services.csproj", "{048228A6-AB3A-4899-BBC9-1DFC53E482E2}"
EndProject
Project("{9A19103F-16F7-4668-BE54-9A1E7A4F7556}") = "MinimalAPI", "MinimalAPI\MinimalAPI.csproj", "{3C21BFBE-4599-4809-8015-9D7E97DE03CB}"
EndProject
Project("{9A19103F-16F7-4668-BE54-9A1E7A4F7556}") = "ExtendedProperties", "ExtendedProperties\ExtendedProperties.csproj", "{74A94492-5194-4221-B0B4-408FF4DD89DA}"
EndProject
Project("{9A19103F-16F7-4668-BE54-9A1E7A4F7556}") = "AuthTesting", "AuthTesting\AuthTesting.csproj", "{1687D21B-6702-4CC9-A6AF-7C6EDD83994C}"
EndProject
Project("{9A19103F-16F7-4668-BE54-9A1E7A4F7556}") = "AuthTestingTests", "AuthTestingTests\AuthTestingTests.csproj", "{AF1F89B1-4958-43A7-86F8-DE31B736C3B5}"
EndProject
Project("{9A19103F-16F7-4668-BE54-9A1E7A4F7556}") = "AutoMapperMVC", "AutoMapperMVC\AutoMapperMVC.csproj", "{ADE4D033-AE05-4CC9-AC62-904B2E31FD61}"
EndProject
Global
	GlobalSection(SolutionConfigurationPlatforms) = preSolution
		Debug|Any CPU = Debug|Any CPU
		Release|Any CPU = Release|Any CPU
	EndGlobalSection
	GlobalSection(ProjectConfigurationPlatforms) = postSolution
		{29D82E24-98AB-4D4D-B72D-60DB84D51794}.Debug|Any CPU.ActiveCfg = Debug|Any CPU
		{29D82E24-98AB-4D4D-B72D-60DB84D51794}.Debug|Any CPU.Build.0 = Debug|Any CPU
		{29D82E24-98AB-4D4D-B72D-60DB84D51794}.Release|Any CPU.ActiveCfg = Release|Any CPU
		{29D82E24-98AB-4D4D-B72D-60DB84D51794}.Release|Any CPU.Build.0 = Release|Any CPU
		{E2329768-2A0C-4581-B7F3-3B83FB0F02F0}.Debug|Any CPU.ActiveCfg = Debug|Any CPU
		{E2329768-2A0C-4581-B7F3-3B83FB0F02F0}.Debug|Any CPU.Build.0 = Debug|Any CPU
		{E2329768-2A0C-4581-B7F3-3B83FB0F02F0}.Release|Any CPU.ActiveCfg = Release|Any CPU
		{E2329768-2A0C-4581-B7F3-3B83FB0F02F0}.Release|Any CPU.Build.0 = Release|Any CPU
		{D0F94BDD-B1C7-45AC-A97C-FFFB61DAB97F}.Debug|Any CPU.ActiveCfg = Debug|Any CPU
		{D0F94BDD-B1C7-45AC-A97C-FFFB61DAB97F}.Debug|Any CPU.Build.0 = Debug|Any CPU
		{D0F94BDD-B1C7-45AC-A97C-FFFB61DAB97F}.Release|Any CPU.ActiveCfg = Release|Any CPU
		{D0F94BDD-B1C7-45AC-A97C-FFFB61DAB97F}.Release|Any CPU.Build.0 = Release|Any CPU
		{CD166683-015C-4406-99C8-A2463A196FFF}.Debug|Any CPU.ActiveCfg = Debug|Any CPU
		{CD166683-015C-4406-99C8-A2463A196FFF}.Debug|Any CPU.Build.0 = Debug|Any CPU
		{CD166683-015C-4406-99C8-A2463A196FFF}.Release|Any CPU.ActiveCfg = Release|Any CPU
		{CD166683-015C-4406-99C8-A2463A196FFF}.Release|Any CPU.Build.0 = Release|Any CPU
		{048228A6-AB3A-4899-BBC9-1DFC53E482E2}.Debug|Any CPU.ActiveCfg = Debug|Any CPU
		{048228A6-AB3A-4899-BBC9-1DFC53E482E2}.Debug|Any CPU.Build.0 = Debug|Any CPU
		{048228A6-AB3A-4899-BBC9-1DFC53E482E2}.Release|Any CPU.ActiveCfg = Release|Any CPU
		{048228A6-AB3A-4899-BBC9-1DFC53E482E2}.Release|Any CPU.Build.0 = Release|Any CPU
		{3C21BFBE-4599-4809-8015-9D7E97DE03CB}.Debug|Any CPU.ActiveCfg = Debug|Any CPU
		{3C21BFBE-4599-4809-8015-9D7E97DE03CB}.Debug|Any CPU.Build.0 = Debug|Any CPU
		{3C21BFBE-4599-4809-8015-9D7E97DE03CB}.Release|Any CPU.ActiveCfg = Release|Any CPU
		{3C21BFBE-4599-4809-8015-9D7E97DE03CB}.Release|Any CPU.Build.0 = Release|Any CPU
		{74A94492-5194-4221-B0B4-408FF4DD89DA}.Debug|Any CPU.ActiveCfg = Debug|Any CPU
		{74A94492-5194-4221-B0B4-408FF4DD89DA}.Debug|Any CPU.Build.0 = Debug|Any CPU
		{74A94492-5194-4221-B0B4-408FF4DD89DA}.Release|Any CPU.ActiveCfg = Release|Any CPU
		{74A94492-5194-4221-B0B4-408FF4DD89DA}.Release|Any CPU.Build.0 = Release|Any CPU
		{1687D21B-6702-4CC9-A6AF-7C6EDD83994C}.Debug|Any CPU.ActiveCfg = Debug|Any CPU
		{1687D21B-6702-4CC9-A6AF-7C6EDD83994C}.Debug|Any CPU.Build.0 = Debug|Any CPU
		{1687D21B-6702-4CC9-A6AF-7C6EDD83994C}.Release|Any CPU.ActiveCfg = Release|Any CPU
		{1687D21B-6702-4CC9-A6AF-7C6EDD83994C}.Release|Any CPU.Build.0 = Release|Any CPU
		{AF1F89B1-4958-43A7-86F8-DE31B736C3B5}.Debug|Any CPU.ActiveCfg = Debug|Any CPU
		{AF1F89B1-4958-43A7-86F8-DE31B736C3B5}.Debug|Any CPU.Build.0 = Debug|Any CPU
		{AF1F89B1-4958-43A7-86F8-DE31B736C3B5}.Release|Any CPU.ActiveCfg = Release|Any CPU
		{AF1F89B1-4958-43A7-86F8-DE31B736C3B5}.Release|Any CPU.Build.0 = Release|Any CPU
		{ADE4D033-AE05-4CC9-AC62-904B2E31FD61}.Debug|Any CPU.ActiveCfg = Debug|Any CPU
		{ADE4D033-AE05-4CC9-AC62-904B2E31FD61}.Debug|Any CPU.Build.0 = Debug|Any CPU
		{ADE4D033-AE05-4CC9-AC62-904B2E31FD61}.Release|Any CPU.ActiveCfg = Release|Any CPU
		{ADE4D033-AE05-4CC9-AC62-904B2E31FD61}.Release|Any CPU.Build.0 = Release|Any CPU
	EndGlobalSection
	GlobalSection(SolutionProperties) = preSolution
		HideSolutionNode = FALSE
	EndGlobalSection
	GlobalSection(ExtensibilityGlobals) = postSolution
		SolutionGuid = {0B8C61EC-10E1-4AE2-A4AE-C2A658AC69AB}
	EndGlobalSection
EndGlobal
